// !$*UTF8*$!
{
	archiveVersion = 1;
	classes = {
	};
	objectVersion = 46;
	objects = {

/* Begin PBXBuildFile section */
		000C370A1E848CDD006E9F14 /* CameraView.swift in Sources */ = {isa = PBXBuildFile; fileRef = 000C37091E848CDD006E9F14 /* CameraView.swift */; };
		000C370C1E848D31006E9F14 /* VideoDataOutput.swift in Sources */ = {isa = PBXBuildFile; fileRef = 000C370B1E848D31006E9F14 /* VideoDataOutput.swift */; };
		000C370E1E848D69006E9F14 /* PhotoOutput.swift in Sources */ = {isa = PBXBuildFile; fileRef = 000C370D1E848D69006E9F14 /* PhotoOutput.swift */; };
		000C37101E848DB4006E9F14 /* RectangleDetector.swift in Sources */ = {isa = PBXBuildFile; fileRef = 000C370F1E848DB4006E9F14 /* RectangleDetector.swift */; };
		000C37121E848DCA006E9F14 /* DetectedView.swift in Sources */ = {isa = PBXBuildFile; fileRef = 000C37111E848DCA006E9F14 /* DetectedView.swift */; };
		000C37141E848DFB006E9F14 /* Color.swift in Sources */ = {isa = PBXBuildFile; fileRef = 000C37131E848DFB006E9F14 /* Color.swift */; };
		000C37161E848E19006E9F14 /* Animator.swift in Sources */ = {isa = PBXBuildFile; fileRef = 000C37151E848E19006E9F14 /* Animator.swift */; };
		000C37181E848E40006E9F14 /* Image.swift in Sources */ = {isa = PBXBuildFile; fileRef = 000C37171E848E40006E9F14 /* Image.swift */; };
		000C371A1E84902E006E9F14 /* HomeViewController.swift in Sources */ = {isa = PBXBuildFile; fileRef = 000C37191E84902E006E9F14 /* HomeViewController.swift */; };
		000C371E1E84904C006E9F14 /* CameraViewController.swift in Sources */ = {isa = PBXBuildFile; fileRef = 000C371D1E84904C006E9F14 /* CameraViewController.swift */; };
		000C37211E8490D4006E9F14 /* PhotoLibraryViewController.swift in Sources */ = {isa = PBXBuildFile; fileRef = 000C37201E8490D4006E9F14 /* PhotoLibraryViewController.swift */; };
		000C37231E849125006E9F14 /* PhotosViewController.swift in Sources */ = {isa = PBXBuildFile; fileRef = 000C37221E849125006E9F14 /* PhotosViewController.swift */; };
		000C37251E849195006E9F14 /* Camera.storyboard in Resources */ = {isa = PBXBuildFile; fileRef = 000C37241E849195006E9F14 /* Camera.storyboard */; };
		000C37271E8491A1006E9F14 /* Photos.storyboard in Resources */ = {isa = PBXBuildFile; fileRef = 000C37261E8491A1006E9F14 /* Photos.storyboard */; };
		000C37291E8491AA006E9F14 /* PhotoLibrary.storyboard in Resources */ = {isa = PBXBuildFile; fileRef = 000C37281E8491AA006E9F14 /* PhotoLibrary.storyboard */; };
		002CDBB61E7DFC02008761C3 /* UIAlertController+Extension.swift in Sources */ = {isa = PBXBuildFile; fileRef = 002CDBB51E7DFC02008761C3 /* UIAlertController+Extension.swift */; };
		002CDBB81E7DFD1E008761C3 /* FileData.swift in Sources */ = {isa = PBXBuildFile; fileRef = 002CDBB71E7DFD1E008761C3 /* FileData.swift */; };
		002CDBC31E802F3C008761C3 /* Albums.storyboard in Resources */ = {isa = PBXBuildFile; fileRef = 002CDBC21E802F3C008761C3 /* Albums.storyboard */; };
		002CDBC71E8036A8008761C3 /* Identifiable.swift in Sources */ = {isa = PBXBuildFile; fileRef = 002CDBC61E8036A8008761C3 /* Identifiable.swift */; };
		002CDBCA1E8037C4008761C3 /* SegueHandler.swift in Sources */ = {isa = PBXBuildFile; fileRef = 002CDBC91E8037C4008761C3 /* SegueHandler.swift */; };
		0058CE291E634942006655B9 /* API.swift in Sources */ = {isa = PBXBuildFile; fileRef = 0058CE281E634942006655B9 /* API.swift */; };
		0058CE2B1E634986006655B9 /* AlbumsViewController.swift in Sources */ = {isa = PBXBuildFile; fileRef = 0058CE2A1E634986006655B9 /* AlbumsViewController.swift */; };
		0058CE2D1E634A84006655B9 /* Album.graphql in Resources */ = {isa = PBXBuildFile; fileRef = 0058CE2C1E634A84006655B9 /* Album.graphql */; };
		0093CB1C1E63A39E00915798 /* Helper.swift in Sources */ = {isa = PBXBuildFile; fileRef = 0093CB1B1E63A39E00915798 /* Helper.swift */; };
		00D63E641E92940F00B28888 /* Engine+Photos.swift in Sources */ = {isa = PBXBuildFile; fileRef = 00D63E631E92940F00B28888 /* Engine+Photos.swift */; };
		00D63E661E92944600B28888 /* Engine.swift in Sources */ = {isa = PBXBuildFile; fileRef = 00D63E651E92944600B28888 /* Engine.swift */; };
		00D63E681E9296EF00B28888 /* User.graphql in Resources */ = {isa = PBXBuildFile; fileRef = 00D63E671E9296EF00B28888 /* User.graphql */; };
		00D63E6C1E92A56000B28888 /* Engine+User.swift in Sources */ = {isa = PBXBuildFile; fileRef = 00D63E6B1E92A56000B28888 /* Engine+User.swift */; };
		00D63E6E1E92B01E00B28888 /* schema.json in Resources */ = {isa = PBXBuildFile; fileRef = 00D63E6D1E92B01E00B28888 /* schema.json */; };
		00D63E701E92BCB500B28888 /* Engine+Albums.swift in Sources */ = {isa = PBXBuildFile; fileRef = 00D63E6F1E92BCB500B28888 /* Engine+Albums.swift */; };
		00D63E721E92C4B200B28888 /* LoginCoordinator.swift in Sources */ = {isa = PBXBuildFile; fileRef = 00D63E711E92C4B200B28888 /* LoginCoordinator.swift */; };
		00D9E6DE1E5A346500B6D917 /* AppDelegate.swift in Sources */ = {isa = PBXBuildFile; fileRef = 00D9E6DD1E5A346500B6D917 /* AppDelegate.swift */; };
		00D9E6E31E5A346500B6D917 /* Main.storyboard in Resources */ = {isa = PBXBuildFile; fileRef = 00D9E6E11E5A346500B6D917 /* Main.storyboard */; };
		00D9E6E51E5A346500B6D917 /* Assets.xcassets in Resources */ = {isa = PBXBuildFile; fileRef = 00D9E6E41E5A346500B6D917 /* Assets.xcassets */; };
		00D9E6E81E5A346600B6D917 /* LaunchScreen.storyboard in Resources */ = {isa = PBXBuildFile; fileRef = 00D9E6E61E5A346600B6D917 /* LaunchScreen.storyboard */; };
		00D9E6F31E5A346600B6D917 /* AlbumSnapTests.swift in Sources */ = {isa = PBXBuildFile; fileRef = 00D9E6F21E5A346600B6D917 /* AlbumSnapTests.swift */; };
		00D9E6FE1E5A346600B6D917 /* AlbumSnapUITests.swift in Sources */ = {isa = PBXBuildFile; fileRef = 00D9E6FD1E5A346600B6D917 /* AlbumSnapUITests.swift */; };
		00EA37F51E917774009D65B2 /* Photo.graphql in Resources */ = {isa = PBXBuildFile; fileRef = 00EA37F41E917774009D65B2 /* Photo.graphql */; };
		00FDE1911E933650006D9B05 /* Engine+File.swift in Sources */ = {isa = PBXBuildFile; fileRef = 00FDE1901E933650006D9B05 /* Engine+File.swift */; };
		00FDE19C1E9AD99E006D9B05 /* AlbumsCollectionViewController.swift in Sources */ = {isa = PBXBuildFile; fileRef = 00FDE19B1E9AD99E006D9B05 /* AlbumsCollectionViewController.swift */; };
		00FDE19E1E9ADD7C006D9B05 /* AlbumsTableViewController.swift in Sources */ = {isa = PBXBuildFile; fileRef = 00FDE19D1E9ADD7C006D9B05 /* AlbumsTableViewController.swift */; };
		3E151700531C0ADDCD5DC04A /* Pods_AlbumSnap.framework in Frameworks */ = {isa = PBXBuildFile; fileRef = A7E1EB28E85A688FF7207D4A /* Pods_AlbumSnap.framework */; };
		5291545CC8884CCB552452AD /* Pods_AlbumSnapTests.framework in Frameworks */ = {isa = PBXBuildFile; fileRef = 976A9216F91711CD1E683EAA /* Pods_AlbumSnapTests.framework */; };
		8EDC28489609EE5495E12CD9 /* Pods_AlbumSnapUITests.framework in Frameworks */ = {isa = PBXBuildFile; fileRef = A36506AF5F00F124147FE746 /* Pods_AlbumSnapUITests.framework */; };
/* End PBXBuildFile section */

/* Begin PBXContainerItemProxy section */
		00D9E6EF1E5A346600B6D917 /* PBXContainerItemProxy */ = {
			isa = PBXContainerItemProxy;
			containerPortal = 00D9E6D21E5A346500B6D917 /* Project object */;
			proxyType = 1;
			remoteGlobalIDString = 00D9E6D91E5A346500B6D917;
			remoteInfo = AlbumSnap;
		};
		00D9E6FA1E5A346600B6D917 /* PBXContainerItemProxy */ = {
			isa = PBXContainerItemProxy;
			containerPortal = 00D9E6D21E5A346500B6D917 /* Project object */;
			proxyType = 1;
			remoteGlobalIDString = 00D9E6D91E5A346500B6D917;
			remoteInfo = AlbumSnap;
		};
/* End PBXContainerItemProxy section */

/* Begin PBXFileReference section */
		000C37091E848CDD006E9F14 /* CameraView.swift */ = {isa = PBXFileReference; fileEncoding = 4; lastKnownFileType = sourcecode.swift; path = CameraView.swift; sourceTree = "<group>"; };
		000C370B1E848D31006E9F14 /* VideoDataOutput.swift */ = {isa = PBXFileReference; fileEncoding = 4; lastKnownFileType = sourcecode.swift; path = VideoDataOutput.swift; sourceTree = "<group>"; };
		000C370D1E848D69006E9F14 /* PhotoOutput.swift */ = {isa = PBXFileReference; fileEncoding = 4; lastKnownFileType = sourcecode.swift; path = PhotoOutput.swift; sourceTree = "<group>"; };
		000C370F1E848DB4006E9F14 /* RectangleDetector.swift */ = {isa = PBXFileReference; fileEncoding = 4; lastKnownFileType = sourcecode.swift; path = RectangleDetector.swift; sourceTree = "<group>"; };
		000C37111E848DCA006E9F14 /* DetectedView.swift */ = {isa = PBXFileReference; fileEncoding = 4; lastKnownFileType = sourcecode.swift; path = DetectedView.swift; sourceTree = "<group>"; };
		000C37131E848DFB006E9F14 /* Color.swift */ = {isa = PBXFileReference; fileEncoding = 4; lastKnownFileType = sourcecode.swift; path = Color.swift; sourceTree = "<group>"; };
		000C37151E848E19006E9F14 /* Animator.swift */ = {isa = PBXFileReference; fileEncoding = 4; lastKnownFileType = sourcecode.swift; path = Animator.swift; sourceTree = "<group>"; };
		000C37171E848E40006E9F14 /* Image.swift */ = {isa = PBXFileReference; fileEncoding = 4; lastKnownFileType = sourcecode.swift; path = Image.swift; sourceTree = "<group>"; };
		000C37191E84902E006E9F14 /* HomeViewController.swift */ = {isa = PBXFileReference; fileEncoding = 4; lastKnownFileType = sourcecode.swift; path = HomeViewController.swift; sourceTree = "<group>"; };
		000C371D1E84904C006E9F14 /* CameraViewController.swift */ = {isa = PBXFileReference; fileEncoding = 4; lastKnownFileType = sourcecode.swift; path = CameraViewController.swift; sourceTree = "<group>"; };
		000C37201E8490D4006E9F14 /* PhotoLibraryViewController.swift */ = {isa = PBXFileReference; fileEncoding = 4; lastKnownFileType = sourcecode.swift; path = PhotoLibraryViewController.swift; sourceTree = "<group>"; };
		000C37221E849125006E9F14 /* PhotosViewController.swift */ = {isa = PBXFileReference; fileEncoding = 4; lastKnownFileType = sourcecode.swift; path = PhotosViewController.swift; sourceTree = "<group>"; };
		000C37241E849195006E9F14 /* Camera.storyboard */ = {isa = PBXFileReference; fileEncoding = 4; lastKnownFileType = file.storyboard; path = Camera.storyboard; sourceTree = "<group>"; };
		000C37261E8491A1006E9F14 /* Photos.storyboard */ = {isa = PBXFileReference; fileEncoding = 4; lastKnownFileType = file.storyboard; path = Photos.storyboard; sourceTree = "<group>"; };
		000C37281E8491AA006E9F14 /* PhotoLibrary.storyboard */ = {isa = PBXFileReference; fileEncoding = 4; lastKnownFileType = file.storyboard; path = PhotoLibrary.storyboard; sourceTree = "<group>"; };
		002CDBB51E7DFC02008761C3 /* UIAlertController+Extension.swift */ = {isa = PBXFileReference; fileEncoding = 4; lastKnownFileType = sourcecode.swift; path = "UIAlertController+Extension.swift"; sourceTree = "<group>"; };
		002CDBB71E7DFD1E008761C3 /* FileData.swift */ = {isa = PBXFileReference; fileEncoding = 4; lastKnownFileType = sourcecode.swift; path = FileData.swift; sourceTree = "<group>"; };
		002CDBC21E802F3C008761C3 /* Albums.storyboard */ = {isa = PBXFileReference; fileEncoding = 4; lastKnownFileType = file.storyboard; path = Albums.storyboard; sourceTree = "<group>"; };
		002CDBC61E8036A8008761C3 /* Identifiable.swift */ = {isa = PBXFileReference; fileEncoding = 4; lastKnownFileType = sourcecode.swift; path = Identifiable.swift; sourceTree = "<group>"; };
		002CDBC91E8037C4008761C3 /* SegueHandler.swift */ = {isa = PBXFileReference; fileEncoding = 4; lastKnownFileType = sourcecode.swift; path = SegueHandler.swift; sourceTree = "<group>"; };
		0058CE281E634942006655B9 /* API.swift */ = {isa = PBXFileReference; fileEncoding = 4; lastKnownFileType = sourcecode.swift; path = API.swift; sourceTree = "<group>"; };
		0058CE2A1E634986006655B9 /* AlbumsViewController.swift */ = {isa = PBXFileReference; fileEncoding = 4; lastKnownFileType = sourcecode.swift; path = AlbumsViewController.swift; sourceTree = "<group>"; };
		0058CE2C1E634A84006655B9 /* Album.graphql */ = {isa = PBXFileReference; fileEncoding = 4; lastKnownFileType = text; path = Album.graphql; sourceTree = "<group>"; };
		0093CB1B1E63A39E00915798 /* Helper.swift */ = {isa = PBXFileReference; fileEncoding = 4; lastKnownFileType = sourcecode.swift; path = Helper.swift; sourceTree = "<group>"; };
		00D63E631E92940F00B28888 /* Engine+Photos.swift */ = {isa = PBXFileReference; fileEncoding = 4; lastKnownFileType = sourcecode.swift; path = "Engine+Photos.swift"; sourceTree = "<group>"; };
		00D63E651E92944600B28888 /* Engine.swift */ = {isa = PBXFileReference; fileEncoding = 4; lastKnownFileType = sourcecode.swift; path = Engine.swift; sourceTree = "<group>"; };
		00D63E671E9296EF00B28888 /* User.graphql */ = {isa = PBXFileReference; fileEncoding = 4; lastKnownFileType = text; path = User.graphql; sourceTree = "<group>"; };
		00D63E6B1E92A56000B28888 /* Engine+User.swift */ = {isa = PBXFileReference; fileEncoding = 4; lastKnownFileType = sourcecode.swift; path = "Engine+User.swift"; sourceTree = "<group>"; };
		00D63E6D1E92B01E00B28888 /* schema.json */ = {isa = PBXFileReference; fileEncoding = 4; lastKnownFileType = text.json; path = schema.json; sourceTree = "<group>"; };
		00D63E6F1E92BCB500B28888 /* Engine+Albums.swift */ = {isa = PBXFileReference; fileEncoding = 4; lastKnownFileType = sourcecode.swift; path = "Engine+Albums.swift"; sourceTree = "<group>"; };
		00D63E711E92C4B200B28888 /* LoginCoordinator.swift */ = {isa = PBXFileReference; fileEncoding = 4; lastKnownFileType = sourcecode.swift; path = LoginCoordinator.swift; sourceTree = "<group>"; };
		00D9E6DA1E5A346500B6D917 /* AlbumSnap.app */ = {isa = PBXFileReference; explicitFileType = wrapper.application; includeInIndex = 0; path = AlbumSnap.app; sourceTree = BUILT_PRODUCTS_DIR; };
		00D9E6DD1E5A346500B6D917 /* AppDelegate.swift */ = {isa = PBXFileReference; lastKnownFileType = sourcecode.swift; path = AppDelegate.swift; sourceTree = "<group>"; };
		00D9E6E21E5A346500B6D917 /* Base */ = {isa = PBXFileReference; lastKnownFileType = file.storyboard; name = Base; path = Base.lproj/Main.storyboard; sourceTree = "<group>"; };
		00D9E6E41E5A346500B6D917 /* Assets.xcassets */ = {isa = PBXFileReference; lastKnownFileType = folder.assetcatalog; path = Assets.xcassets; sourceTree = "<group>"; };
		00D9E6E71E5A346600B6D917 /* Base */ = {isa = PBXFileReference; lastKnownFileType = file.storyboard; name = Base; path = Base.lproj/LaunchScreen.storyboard; sourceTree = "<group>"; };
		00D9E6E91E5A346600B6D917 /* Info.plist */ = {isa = PBXFileReference; lastKnownFileType = text.plist.xml; path = Info.plist; sourceTree = "<group>"; };
		00D9E6EE1E5A346600B6D917 /* AlbumSnapTests.xctest */ = {isa = PBXFileReference; explicitFileType = wrapper.cfbundle; includeInIndex = 0; path = AlbumSnapTests.xctest; sourceTree = BUILT_PRODUCTS_DIR; };
		00D9E6F21E5A346600B6D917 /* AlbumSnapTests.swift */ = {isa = PBXFileReference; lastKnownFileType = sourcecode.swift; path = AlbumSnapTests.swift; sourceTree = "<group>"; };
		00D9E6F41E5A346600B6D917 /* Info.plist */ = {isa = PBXFileReference; lastKnownFileType = text.plist.xml; path = Info.plist; sourceTree = "<group>"; };
		00D9E6F91E5A346600B6D917 /* AlbumSnapUITests.xctest */ = {isa = PBXFileReference; explicitFileType = wrapper.cfbundle; includeInIndex = 0; path = AlbumSnapUITests.xctest; sourceTree = BUILT_PRODUCTS_DIR; };
		00D9E6FD1E5A346600B6D917 /* AlbumSnapUITests.swift */ = {isa = PBXFileReference; lastKnownFileType = sourcecode.swift; path = AlbumSnapUITests.swift; sourceTree = "<group>"; };
		00D9E6FF1E5A346600B6D917 /* Info.plist */ = {isa = PBXFileReference; lastKnownFileType = text.plist.xml; path = Info.plist; sourceTree = "<group>"; };
		00EA37F41E917774009D65B2 /* Photo.graphql */ = {isa = PBXFileReference; fileEncoding = 4; lastKnownFileType = text; path = Photo.graphql; sourceTree = "<group>"; };
		00FDE1901E933650006D9B05 /* Engine+File.swift */ = {isa = PBXFileReference; fileEncoding = 4; lastKnownFileType = sourcecode.swift; path = "Engine+File.swift"; sourceTree = "<group>"; };
		00FDE19B1E9AD99E006D9B05 /* AlbumsCollectionViewController.swift */ = {isa = PBXFileReference; fileEncoding = 4; lastKnownFileType = sourcecode.swift; path = AlbumsCollectionViewController.swift; sourceTree = "<group>"; };
		00FDE19D1E9ADD7C006D9B05 /* AlbumsTableViewController.swift */ = {isa = PBXFileReference; fileEncoding = 4; lastKnownFileType = sourcecode.swift; path = AlbumsTableViewController.swift; sourceTree = "<group>"; };
		042211BF8CB38A857EF80DF6 /* Pods-AlbumSnapUITests.debug.xcconfig */ = {isa = PBXFileReference; includeInIndex = 1; lastKnownFileType = text.xcconfig; name = "Pods-AlbumSnapUITests.debug.xcconfig"; path = "Pods/Target Support Files/Pods-AlbumSnapUITests/Pods-AlbumSnapUITests.debug.xcconfig"; sourceTree = "<group>"; };
		6CBE435640F588AEC2D0159D /* Pods-AlbumSnapUITests.release.xcconfig */ = {isa = PBXFileReference; includeInIndex = 1; lastKnownFileType = text.xcconfig; name = "Pods-AlbumSnapUITests.release.xcconfig"; path = "Pods/Target Support Files/Pods-AlbumSnapUITests/Pods-AlbumSnapUITests.release.xcconfig"; sourceTree = "<group>"; };
		85185D96ACAA5EAF5077680B /* Pods-AlbumSnapTests.release.xcconfig */ = {isa = PBXFileReference; includeInIndex = 1; lastKnownFileType = text.xcconfig; name = "Pods-AlbumSnapTests.release.xcconfig"; path = "Pods/Target Support Files/Pods-AlbumSnapTests/Pods-AlbumSnapTests.release.xcconfig"; sourceTree = "<group>"; };
		976A9216F91711CD1E683EAA /* Pods_AlbumSnapTests.framework */ = {isa = PBXFileReference; explicitFileType = wrapper.framework; includeInIndex = 0; path = Pods_AlbumSnapTests.framework; sourceTree = BUILT_PRODUCTS_DIR; };
		A36506AF5F00F124147FE746 /* Pods_AlbumSnapUITests.framework */ = {isa = PBXFileReference; explicitFileType = wrapper.framework; includeInIndex = 0; path = Pods_AlbumSnapUITests.framework; sourceTree = BUILT_PRODUCTS_DIR; };
		A7E1EB28E85A688FF7207D4A /* Pods_AlbumSnap.framework */ = {isa = PBXFileReference; explicitFileType = wrapper.framework; includeInIndex = 0; path = Pods_AlbumSnap.framework; sourceTree = BUILT_PRODUCTS_DIR; };
		B001F6A1740FCF9BD03F38F7 /* Pods-AlbumSnap.release.xcconfig */ = {isa = PBXFileReference; includeInIndex = 1; lastKnownFileType = text.xcconfig; name = "Pods-AlbumSnap.release.xcconfig"; path = "Pods/Target Support Files/Pods-AlbumSnap/Pods-AlbumSnap.release.xcconfig"; sourceTree = "<group>"; };
		B114A775BDD2854701429F08 /* Pods-AlbumSnapTests.debug.xcconfig */ = {isa = PBXFileReference; includeInIndex = 1; lastKnownFileType = text.xcconfig; name = "Pods-AlbumSnapTests.debug.xcconfig"; path = "Pods/Target Support Files/Pods-AlbumSnapTests/Pods-AlbumSnapTests.debug.xcconfig"; sourceTree = "<group>"; };
		D9B9317A9C531C5FB6A02850 /* Pods-AlbumSnap.debug.xcconfig */ = {isa = PBXFileReference; includeInIndex = 1; lastKnownFileType = text.xcconfig; name = "Pods-AlbumSnap.debug.xcconfig"; path = "Pods/Target Support Files/Pods-AlbumSnap/Pods-AlbumSnap.debug.xcconfig"; sourceTree = "<group>"; };
/* End PBXFileReference section */

/* Begin PBXFrameworksBuildPhase section */
		00D9E6D71E5A346500B6D917 /* Frameworks */ = {
			isa = PBXFrameworksBuildPhase;
			buildActionMask = 2147483647;
			files = (
				3E151700531C0ADDCD5DC04A /* Pods_AlbumSnap.framework in Frameworks */,
			);
			runOnlyForDeploymentPostprocessing = 0;
		};
		00D9E6EB1E5A346600B6D917 /* Frameworks */ = {
			isa = PBXFrameworksBuildPhase;
			buildActionMask = 2147483647;
			files = (
				5291545CC8884CCB552452AD /* Pods_AlbumSnapTests.framework in Frameworks */,
			);
			runOnlyForDeploymentPostprocessing = 0;
		};
		00D9E6F61E5A346600B6D917 /* Frameworks */ = {
			isa = PBXFrameworksBuildPhase;
			buildActionMask = 2147483647;
			files = (
				8EDC28489609EE5495E12CD9 /* Pods_AlbumSnapUITests.framework in Frameworks */,
			);
			runOnlyForDeploymentPostprocessing = 0;
		};
/* End PBXFrameworksBuildPhase section */

/* Begin PBXGroup section */
		000C371F1E8490C1006E9F14 /* PhotoLibrary */ = {
			isa = PBXGroup;
			children = (
				000C37281E8491AA006E9F14 /* PhotoLibrary.storyboard */,
				000C37201E8490D4006E9F14 /* PhotoLibraryViewController.swift */,
			);
			name = PhotoLibrary;
			sourceTree = "<group>";
		};
		002CDBB31E7DFB87008761C3 /* Supporting Files */ = {
			isa = PBXGroup;
			children = (
				00D9E6E61E5A346600B6D917 /* LaunchScreen.storyboard */,
				00D9E6E41E5A346500B6D917 /* Assets.xcassets */,
				00D9E6E91E5A346600B6D917 /* Info.plist */,
			);
			name = "Supporting Files";
			sourceTree = "<group>";
		};
		002CDBB41E7DFBF0008761C3 /* Additions */ = {
			isa = PBXGroup;
			children = (
				000C37151E848E19006E9F14 /* Animator.swift */,
				000C37131E848DFB006E9F14 /* Color.swift */,
				0093CB1B1E63A39E00915798 /* Helper.swift */,
				002CDBC61E8036A8008761C3 /* Identifiable.swift */,
				000C37171E848E40006E9F14 /* Image.swift */,
				002CDBC91E8037C4008761C3 /* SegueHandler.swift */,
				002CDBB51E7DFC02008761C3 /* UIAlertController+Extension.swift */,
			);
			name = Additions;
			sourceTree = "<group>";
		};
		002CDBC11E802F22008761C3 /* Albums */ = {
			isa = PBXGroup;
			children = (
				002CDBC21E802F3C008761C3 /* Albums.storyboard */,
				0058CE2A1E634986006655B9 /* AlbumsViewController.swift */,
				00FDE19B1E9AD99E006D9B05 /* AlbumsCollectionViewController.swift */,
				00FDE19D1E9ADD7C006D9B05 /* AlbumsTableViewController.swift */,
				0058CE2C1E634A84006655B9 /* Album.graphql */,
				00D63E6F1E92BCB500B28888 /* Engine+Albums.swift */,
			);
			name = Albums;
			sourceTree = "<group>";
		};
		002CDBC81E803737008761C3 /* API */ = {
			isa = PBXGroup;
			children = (
				0058CE281E634942006655B9 /* API.swift */,
				00D63E651E92944600B28888 /* Engine.swift */,
				00FDE1901E933650006D9B05 /* Engine+File.swift */,
				002CDBB71E7DFD1E008761C3 /* FileData.swift */,
				00D63E6D1E92B01E00B28888 /* schema.json */,
			);
			name = API;
			sourceTree = "<group>";
		};
		002CDBCB1E8078EE008761C3 /* Camera */ = {
			isa = PBXGroup;
			children = (
				000C37241E849195006E9F14 /* Camera.storyboard */,
				000C371D1E84904C006E9F14 /* CameraViewController.swift */,
				000C37091E848CDD006E9F14 /* CameraView.swift */,
				000C370B1E848D31006E9F14 /* VideoDataOutput.swift */,
				000C370D1E848D69006E9F14 /* PhotoOutput.swift */,
				000C370F1E848DB4006E9F14 /* RectangleDetector.swift */,
				000C37111E848DCA006E9F14 /* DetectedView.swift */,
			);
			name = Camera;
			sourceTree = "<group>";
		};
		002CDBCC1E8078F7008761C3 /* Home */ = {
			isa = PBXGroup;
			children = (
				00D9E6E11E5A346500B6D917 /* Main.storyboard */,
				000C37191E84902E006E9F14 /* HomeViewController.swift */,
				00D63E711E92C4B200B28888 /* LoginCoordinator.swift */,
				00D63E671E9296EF00B28888 /* User.graphql */,
				00D63E6B1E92A56000B28888 /* Engine+User.swift */,
			);
			name = Home;
			sourceTree = "<group>";
		};
		002CDBCD1E807905008761C3 /* Photos */ = {
			isa = PBXGroup;
			children = (
				000C37261E8491A1006E9F14 /* Photos.storyboard */,
				000C37221E849125006E9F14 /* PhotosViewController.swift */,
				00EA37F41E917774009D65B2 /* Photo.graphql */,
				00D63E631E92940F00B28888 /* Engine+Photos.swift */,
			);
			name = Photos;
			sourceTree = "<group>";
		};
		00D9E6D11E5A346500B6D917 = {
			isa = PBXGroup;
			children = (
				00D9E6DC1E5A346500B6D917 /* AlbumSnap */,
				00D9E6F11E5A346600B6D917 /* AlbumSnapTests */,
				00D9E6FC1E5A346600B6D917 /* AlbumSnapUITests */,
				00D9E6DB1E5A346500B6D917 /* Products */,
				6296557DD217FE9494D6D917 /* Pods */,
				E2F6BA18D8D217C46253EE1D /* Frameworks */,
			);
			sourceTree = "<group>";
		};
		00D9E6DB1E5A346500B6D917 /* Products */ = {
			isa = PBXGroup;
			children = (
				00D9E6DA1E5A346500B6D917 /* AlbumSnap.app */,
				00D9E6EE1E5A346600B6D917 /* AlbumSnapTests.xctest */,
				00D9E6F91E5A346600B6D917 /* AlbumSnapUITests.xctest */,
			);
			name = Products;
			sourceTree = "<group>";
		};
		00D9E6DC1E5A346500B6D917 /* AlbumSnap */ = {
			isa = PBXGroup;
			children = (
				00D9E6DD1E5A346500B6D917 /* AppDelegate.swift */,
				002CDBCC1E8078F7008761C3 /* Home */,
				002CDBCB1E8078EE008761C3 /* Camera */,
				002CDBCD1E807905008761C3 /* Photos */,
				000C371F1E8490C1006E9F14 /* PhotoLibrary */,
				002CDBC11E802F22008761C3 /* Albums */,
				002CDBC81E803737008761C3 /* API */,
				002CDBB41E7DFBF0008761C3 /* Additions */,
				002CDBB31E7DFB87008761C3 /* Supporting Files */,
			);
			path = AlbumSnap;
			sourceTree = "<group>";
		};
		00D9E6F11E5A346600B6D917 /* AlbumSnapTests */ = {
			isa = PBXGroup;
			children = (
				00D9E6F21E5A346600B6D917 /* AlbumSnapTests.swift */,
				00D9E6F41E5A346600B6D917 /* Info.plist */,
			);
			path = AlbumSnapTests;
			sourceTree = "<group>";
		};
		00D9E6FC1E5A346600B6D917 /* AlbumSnapUITests */ = {
			isa = PBXGroup;
			children = (
				00D9E6FD1E5A346600B6D917 /* AlbumSnapUITests.swift */,
				00D9E6FF1E5A346600B6D917 /* Info.plist */,
			);
			path = AlbumSnapUITests;
			sourceTree = "<group>";
		};
		6296557DD217FE9494D6D917 /* Pods */ = {
			isa = PBXGroup;
			children = (
				D9B9317A9C531C5FB6A02850 /* Pods-AlbumSnap.debug.xcconfig */,
				B001F6A1740FCF9BD03F38F7 /* Pods-AlbumSnap.release.xcconfig */,
				B114A775BDD2854701429F08 /* Pods-AlbumSnapTests.debug.xcconfig */,
				85185D96ACAA5EAF5077680B /* Pods-AlbumSnapTests.release.xcconfig */,
				042211BF8CB38A857EF80DF6 /* Pods-AlbumSnapUITests.debug.xcconfig */,
				6CBE435640F588AEC2D0159D /* Pods-AlbumSnapUITests.release.xcconfig */,
			);
			name = Pods;
			sourceTree = "<group>";
		};
		E2F6BA18D8D217C46253EE1D /* Frameworks */ = {
			isa = PBXGroup;
			children = (
				A7E1EB28E85A688FF7207D4A /* Pods_AlbumSnap.framework */,
				976A9216F91711CD1E683EAA /* Pods_AlbumSnapTests.framework */,
				A36506AF5F00F124147FE746 /* Pods_AlbumSnapUITests.framework */,
			);
			name = Frameworks;
			sourceTree = "<group>";
		};
/* End PBXGroup section */

/* Begin PBXNativeTarget section */
		00D9E6D91E5A346500B6D917 /* AlbumSnap */ = {
			isa = PBXNativeTarget;
			buildConfigurationList = 00D9E7021E5A346600B6D917 /* Build configuration list for PBXNativeTarget "AlbumSnap" */;
			buildPhases = (
				3B28B08D62065794FA4AC33E /* [CP] Check Pods Manifest.lock */,
				00267B631E5F638400425F81 /* Generate Apollo GraphQL API */,
				00D9E6D61E5A346500B6D917 /* Sources */,
				00D9E6D71E5A346500B6D917 /* Frameworks */,
				00D9E6D81E5A346500B6D917 /* Resources */,
				62CE4656CF7F14F882D4E922 /* [CP] Embed Pods Frameworks */,
				2CE4485E40A54AD8086C28A8 /* [CP] Copy Pods Resources */,
			);
			buildRules = (
			);
			dependencies = (
			);
			name = AlbumSnap;
			productName = AlbumSnap;
			productReference = 00D9E6DA1E5A346500B6D917 /* AlbumSnap.app */;
			productType = "com.apple.product-type.application";
		};
		00D9E6ED1E5A346600B6D917 /* AlbumSnapTests */ = {
			isa = PBXNativeTarget;
			buildConfigurationList = 00D9E7051E5A346600B6D917 /* Build configuration list for PBXNativeTarget "AlbumSnapTests" */;
			buildPhases = (
				F48F3B555455634EDCBB44D4 /* [CP] Check Pods Manifest.lock */,
				00D9E6EA1E5A346600B6D917 /* Sources */,
				00D9E6EB1E5A346600B6D917 /* Frameworks */,
				00D9E6EC1E5A346600B6D917 /* Resources */,
				89A6F3AA361A1247FAD87FED /* [CP] Embed Pods Frameworks */,
				C258F253B2FC619B28334001 /* [CP] Copy Pods Resources */,
			);
			buildRules = (
			);
			dependencies = (
				00D9E6F01E5A346600B6D917 /* PBXTargetDependency */,
			);
			name = AlbumSnapTests;
			productName = AlbumSnapTests;
			productReference = 00D9E6EE1E5A346600B6D917 /* AlbumSnapTests.xctest */;
			productType = "com.apple.product-type.bundle.unit-test";
		};
		00D9E6F81E5A346600B6D917 /* AlbumSnapUITests */ = {
			isa = PBXNativeTarget;
			buildConfigurationList = 00D9E7081E5A346600B6D917 /* Build configuration list for PBXNativeTarget "AlbumSnapUITests" */;
			buildPhases = (
				1EF064FBC046A74A209DE3FD /* [CP] Check Pods Manifest.lock */,
				00D9E6F51E5A346600B6D917 /* Sources */,
				00D9E6F61E5A346600B6D917 /* Frameworks */,
				00D9E6F71E5A346600B6D917 /* Resources */,
				6CF93B3864C8D2684D80C4C4 /* [CP] Embed Pods Frameworks */,
				810CA8E2841AC7883BD36FBA /* [CP] Copy Pods Resources */,
			);
			buildRules = (
			);
			dependencies = (
				00D9E6FB1E5A346600B6D917 /* PBXTargetDependency */,
			);
			name = AlbumSnapUITests;
			productName = AlbumSnapUITests;
			productReference = 00D9E6F91E5A346600B6D917 /* AlbumSnapUITests.xctest */;
			productType = "com.apple.product-type.bundle.ui-testing";
		};
/* End PBXNativeTarget section */

/* Begin PBXProject section */
		00D9E6D21E5A346500B6D917 /* Project object */ = {
			isa = PBXProject;
			attributes = {
				LastSwiftUpdateCheck = 0820;
				LastUpgradeCheck = 0820;
				ORGANIZATIONNAME = AlbumSnap;
				TargetAttributes = {
					00D9E6D91E5A346500B6D917 = {
						CreatedOnToolsVersion = 8.2.1;
						DevelopmentTeam = BAN868XZ6P;
						ProvisioningStyle = Automatic;
					};
					00D9E6ED1E5A346600B6D917 = {
						CreatedOnToolsVersion = 8.2.1;
						DevelopmentTeam = BAN868XZ6P;
						ProvisioningStyle = Automatic;
						TestTargetID = 00D9E6D91E5A346500B6D917;
					};
					00D9E6F81E5A346600B6D917 = {
						CreatedOnToolsVersion = 8.2.1;
						DevelopmentTeam = BAN868XZ6P;
						ProvisioningStyle = Automatic;
						TestTargetID = 00D9E6D91E5A346500B6D917;
					};
				};
			};
			buildConfigurationList = 00D9E6D51E5A346500B6D917 /* Build configuration list for PBXProject "AlbumSnap" */;
			compatibilityVersion = "Xcode 3.2";
			developmentRegion = English;
			hasScannedForEncodings = 0;
			knownRegions = (
				en,
				Base,
			);
			mainGroup = 00D9E6D11E5A346500B6D917;
			productRefGroup = 00D9E6DB1E5A346500B6D917 /* Products */;
			projectDirPath = "";
			projectRoot = "";
			targets = (
				00D9E6D91E5A346500B6D917 /* AlbumSnap */,
				00D9E6ED1E5A346600B6D917 /* AlbumSnapTests */,
				00D9E6F81E5A346600B6D917 /* AlbumSnapUITests */,
			);
		};
/* End PBXProject section */

/* Begin PBXResourcesBuildPhase section */
		00D9E6D81E5A346500B6D917 /* Resources */ = {
			isa = PBXResourcesBuildPhase;
			buildActionMask = 2147483647;
			files = (
				0058CE2D1E634A84006655B9 /* Album.graphql in Resources */,
				00EA37F51E917774009D65B2 /* Photo.graphql in Resources */,
				000C37251E849195006E9F14 /* Camera.storyboard in Resources */,
				00D63E681E9296EF00B28888 /* User.graphql in Resources */,
				002CDBC31E802F3C008761C3 /* Albums.storyboard in Resources */,
				00D9E6E81E5A346600B6D917 /* LaunchScreen.storyboard in Resources */,
				00D63E6E1E92B01E00B28888 /* schema.json in Resources */,
				000C37271E8491A1006E9F14 /* Photos.storyboard in Resources */,
				00D9E6E51E5A346500B6D917 /* Assets.xcassets in Resources */,
				000C37291E8491AA006E9F14 /* PhotoLibrary.storyboard in Resources */,
				00D9E6E31E5A346500B6D917 /* Main.storyboard in Resources */,
			);
			runOnlyForDeploymentPostprocessing = 0;
		};
		00D9E6EC1E5A346600B6D917 /* Resources */ = {
			isa = PBXResourcesBuildPhase;
			buildActionMask = 2147483647;
			files = (
			);
			runOnlyForDeploymentPostprocessing = 0;
		};
		00D9E6F71E5A346600B6D917 /* Resources */ = {
			isa = PBXResourcesBuildPhase;
			buildActionMask = 2147483647;
			files = (
			);
			runOnlyForDeploymentPostprocessing = 0;
		};
/* End PBXResourcesBuildPhase section */

/* Begin PBXShellScriptBuildPhase section */
		00267B631E5F638400425F81 /* Generate Apollo GraphQL API */ = {
			isa = PBXShellScriptBuildPhase;
			buildActionMask = 2147483647;
			files = (
			);
			inputPaths = (
			);
			name = "Generate Apollo GraphQL API";
			outputPaths = (
			);
			runOnlyForDeploymentPostprocessing = 0;
			shellPath = /bin/sh;
			shellScript = "APOLLO_FRAMEWORK_PATH=\"$(eval find $FRAMEWORK_SEARCH_PATHS -name \"Apollo.framework\" -maxdepth 1)\"\n\nif [ -z \"$APOLLO_FRAMEWORK_PATH\" ]; then\necho \"error: Couldn't find Apollo.framework in FRAMEWORK_SEARCH_PATHS; make sure to add the framework to your project.\"\nexit 1\nfi\n\ncd \"${SRCROOT}/${TARGET_NAME}\"\n$APOLLO_FRAMEWORK_PATH/check-and-run-apollo-codegen.sh generate $(find . -name '*.graphql') --schema schema.json --output API.swift";
		};
		1EF064FBC046A74A209DE3FD /* [CP] Check Pods Manifest.lock */ = {
			isa = PBXShellScriptBuildPhase;
			buildActionMask = 2147483647;
			files = (
			);
			inputPaths = (
			);
			name = "[CP] Check Pods Manifest.lock";
			outputPaths = (
			);
			runOnlyForDeploymentPostprocessing = 0;
			shellPath = /bin/sh;
			shellScript = "diff \"${PODS_ROOT}/../Podfile.lock\" \"${PODS_ROOT}/Manifest.lock\" > /dev/null\nif [ $? != 0 ] ; then\n    # print error to STDERR\n    echo \"error: The sandbox is not in sync with the Podfile.lock. Run 'pod install' or update your CocoaPods installation.\" >&2\n    exit 1\nfi\n";
			showEnvVarsInLog = 0;
		};
		2CE4485E40A54AD8086C28A8 /* [CP] Copy Pods Resources */ = {
			isa = PBXShellScriptBuildPhase;
			buildActionMask = 2147483647;
			files = (
			);
			inputPaths = (
			);
			name = "[CP] Copy Pods Resources";
			outputPaths = (
			);
			runOnlyForDeploymentPostprocessing = 0;
			shellPath = /bin/sh;
			shellScript = "\"${SRCROOT}/Pods/Target Support Files/Pods-AlbumSnap/Pods-AlbumSnap-resources.sh\"\n";
			showEnvVarsInLog = 0;
		};
		3B28B08D62065794FA4AC33E /* [CP] Check Pods Manifest.lock */ = {
			isa = PBXShellScriptBuildPhase;
			buildActionMask = 2147483647;
			files = (
			);
			inputPaths = (
			);
			name = "[CP] Check Pods Manifest.lock";
			outputPaths = (
			);
			runOnlyForDeploymentPostprocessing = 0;
			shellPath = /bin/sh;
			shellScript = "diff \"${PODS_ROOT}/../Podfile.lock\" \"${PODS_ROOT}/Manifest.lock\" > /dev/null\nif [ $? != 0 ] ; then\n    # print error to STDERR\n    echo \"error: The sandbox is not in sync with the Podfile.lock. Run 'pod install' or update your CocoaPods installation.\" >&2\n    exit 1\nfi\n";
			showEnvVarsInLog = 0;
		};
		62CE4656CF7F14F882D4E922 /* [CP] Embed Pods Frameworks */ = {
			isa = PBXShellScriptBuildPhase;
			buildActionMask = 2147483647;
			files = (
			);
			inputPaths = (
			);
			name = "[CP] Embed Pods Frameworks";
			outputPaths = (
			);
			runOnlyForDeploymentPostprocessing = 0;
			shellPath = /bin/sh;
			shellScript = "\"${SRCROOT}/Pods/Target Support Files/Pods-AlbumSnap/Pods-AlbumSnap-frameworks.sh\"\n";
			showEnvVarsInLog = 0;
		};
		6CF93B3864C8D2684D80C4C4 /* [CP] Embed Pods Frameworks */ = {
			isa = PBXShellScriptBuildPhase;
			buildActionMask = 2147483647;
			files = (
			);
			inputPaths = (
			);
			name = "[CP] Embed Pods Frameworks";
			outputPaths = (
			);
			runOnlyForDeploymentPostprocessing = 0;
			shellPath = /bin/sh;
			shellScript = "\"${SRCROOT}/Pods/Target Support Files/Pods-AlbumSnapUITests/Pods-AlbumSnapUITests-frameworks.sh\"\n";
			showEnvVarsInLog = 0;
		};
		810CA8E2841AC7883BD36FBA /* [CP] Copy Pods Resources */ = {
			isa = PBXShellScriptBuildPhase;
			buildActionMask = 2147483647;
			files = (
			);
			inputPaths = (
			);
			name = "[CP] Copy Pods Resources";
			outputPaths = (
			);
			runOnlyForDeploymentPostprocessing = 0;
			shellPath = /bin/sh;
			shellScript = "\"${SRCROOT}/Pods/Target Support Files/Pods-AlbumSnapUITests/Pods-AlbumSnapUITests-resources.sh\"\n";
			showEnvVarsInLog = 0;
		};
		89A6F3AA361A1247FAD87FED /* [CP] Embed Pods Frameworks */ = {
			isa = PBXShellScriptBuildPhase;
			buildActionMask = 2147483647;
			files = (
			);
			inputPaths = (
			);
			name = "[CP] Embed Pods Frameworks";
			outputPaths = (
			);
			runOnlyForDeploymentPostprocessing = 0;
			shellPath = /bin/sh;
			shellScript = "\"${SRCROOT}/Pods/Target Support Files/Pods-AlbumSnapTests/Pods-AlbumSnapTests-frameworks.sh\"\n";
			showEnvVarsInLog = 0;
		};
		C258F253B2FC619B28334001 /* [CP] Copy Pods Resources */ = {
			isa = PBXShellScriptBuildPhase;
			buildActionMask = 2147483647;
			files = (
			);
			inputPaths = (
			);
			name = "[CP] Copy Pods Resources";
			outputPaths = (
			);
			runOnlyForDeploymentPostprocessing = 0;
			shellPath = /bin/sh;
			shellScript = "\"${SRCROOT}/Pods/Target Support Files/Pods-AlbumSnapTests/Pods-AlbumSnapTests-resources.sh\"\n";
			showEnvVarsInLog = 0;
		};
		F48F3B555455634EDCBB44D4 /* [CP] Check Pods Manifest.lock */ = {
			isa = PBXShellScriptBuildPhase;
			buildActionMask = 2147483647;
			files = (
			);
			inputPaths = (
			);
			name = "[CP] Check Pods Manifest.lock";
			outputPaths = (
			);
			runOnlyForDeploymentPostprocessing = 0;
			shellPath = /bin/sh;
			shellScript = "diff \"${PODS_ROOT}/../Podfile.lock\" \"${PODS_ROOT}/Manifest.lock\" > /dev/null\nif [ $? != 0 ] ; then\n    # print error to STDERR\n    echo \"error: The sandbox is not in sync with the Podfile.lock. Run 'pod install' or update your CocoaPods installation.\" >&2\n    exit 1\nfi\n";
			showEnvVarsInLog = 0;
		};
/* End PBXShellScriptBuildPhase section */

/* Begin PBXSourcesBuildPhase section */
		00D9E6D61E5A346500B6D917 /* Sources */ = {
			isa = PBXSourcesBuildPhase;
			buildActionMask = 2147483647;
			files = (
				000C37181E848E40006E9F14 /* Image.swift in Sources */,
				000C371A1E84902E006E9F14 /* HomeViewController.swift in Sources */,
				002CDBB81E7DFD1E008761C3 /* FileData.swift in Sources */,
				00D63E701E92BCB500B28888 /* Engine+Albums.swift in Sources */,
				00D63E6C1E92A56000B28888 /* Engine+User.swift in Sources */,
				00FDE1911E933650006D9B05 /* Engine+File.swift in Sources */,
				00D63E721E92C4B200B28888 /* LoginCoordinator.swift in Sources */,
				000C370C1E848D31006E9F14 /* VideoDataOutput.swift in Sources */,
				002CDBB61E7DFC02008761C3 /* UIAlertController+Extension.swift in Sources */,
				000C37121E848DCA006E9F14 /* DetectedView.swift in Sources */,
				000C37141E848DFB006E9F14 /* Color.swift in Sources */,
				002CDBC71E8036A8008761C3 /* Identifiable.swift in Sources */,
				000C371E1E84904C006E9F14 /* CameraViewController.swift in Sources */,
				00D63E641E92940F00B28888 /* Engine+Photos.swift in Sources */,
				000C37231E849125006E9F14 /* PhotosViewController.swift in Sources */,
				0058CE2B1E634986006655B9 /* AlbumsViewController.swift in Sources */,
				002CDBCA1E8037C4008761C3 /* SegueHandler.swift in Sources */,
				00FDE19C1E9AD99E006D9B05 /* AlbumsCollectionViewController.swift in Sources */,
				000C370A1E848CDD006E9F14 /* CameraView.swift in Sources */,
				000C37101E848DB4006E9F14 /* RectangleDetector.swift in Sources */,
				00D9E6DE1E5A346500B6D917 /* AppDelegate.swift in Sources */,
				00FDE19E1E9ADD7C006D9B05 /* AlbumsTableViewController.swift in Sources */,
				000C37161E848E19006E9F14 /* Animator.swift in Sources */,
				000C37211E8490D4006E9F14 /* PhotoLibraryViewController.swift in Sources */,
				0058CE291E634942006655B9 /* API.swift in Sources */,
				000C370E1E848D69006E9F14 /* PhotoOutput.swift in Sources */,
				0093CB1C1E63A39E00915798 /* Helper.swift in Sources */,
				00D63E661E92944600B28888 /* Engine.swift in Sources */,
			);
			runOnlyForDeploymentPostprocessing = 0;
		};
		00D9E6EA1E5A346600B6D917 /* Sources */ = {
			isa = PBXSourcesBuildPhase;
			buildActionMask = 2147483647;
			files = (
				00D9E6F31E5A346600B6D917 /* AlbumSnapTests.swift in Sources */,
			);
			runOnlyForDeploymentPostprocessing = 0;
		};
		00D9E6F51E5A346600B6D917 /* Sources */ = {
			isa = PBXSourcesBuildPhase;
			buildActionMask = 2147483647;
			files = (
				00D9E6FE1E5A346600B6D917 /* AlbumSnapUITests.swift in Sources */,
			);
			runOnlyForDeploymentPostprocessing = 0;
		};
/* End PBXSourcesBuildPhase section */

/* Begin PBXTargetDependency section */
		00D9E6F01E5A346600B6D917 /* PBXTargetDependency */ = {
			isa = PBXTargetDependency;
			target = 00D9E6D91E5A346500B6D917 /* AlbumSnap */;
			targetProxy = 00D9E6EF1E5A346600B6D917 /* PBXContainerItemProxy */;
		};
		00D9E6FB1E5A346600B6D917 /* PBXTargetDependency */ = {
			isa = PBXTargetDependency;
			target = 00D9E6D91E5A346500B6D917 /* AlbumSnap */;
			targetProxy = 00D9E6FA1E5A346600B6D917 /* PBXContainerItemProxy */;
		};
/* End PBXTargetDependency section */

/* Begin PBXVariantGroup section */
		00D9E6E11E5A346500B6D917 /* Main.storyboard */ = {
			isa = PBXVariantGroup;
			children = (
				00D9E6E21E5A346500B6D917 /* Base */,
			);
			name = Main.storyboard;
			sourceTree = "<group>";
		};
		00D9E6E61E5A346600B6D917 /* LaunchScreen.storyboard */ = {
			isa = PBXVariantGroup;
			children = (
				00D9E6E71E5A346600B6D917 /* Base */,
			);
			name = LaunchScreen.storyboard;
			sourceTree = "<group>";
		};
/* End PBXVariantGroup section */

/* Begin XCBuildConfiguration section */
		00D9E7001E5A346600B6D917 /* Debug */ = {
			isa = XCBuildConfiguration;
			buildSettings = {
				ALWAYS_SEARCH_USER_PATHS = NO;
				CLANG_ANALYZER_NONNULL = YES;
				CLANG_CXX_LANGUAGE_STANDARD = "gnu++0x";
				CLANG_CXX_LIBRARY = "libc++";
				CLANG_ENABLE_MODULES = YES;
				CLANG_ENABLE_OBJC_ARC = YES;
				CLANG_WARN_BOOL_CONVERSION = YES;
				CLANG_WARN_CONSTANT_CONVERSION = YES;
				CLANG_WARN_DIRECT_OBJC_ISA_USAGE = YES_ERROR;
				CLANG_WARN_DOCUMENTATION_COMMENTS = YES;
				CLANG_WARN_EMPTY_BODY = YES;
				CLANG_WARN_ENUM_CONVERSION = YES;
				CLANG_WARN_INFINITE_RECURSION = YES;
				CLANG_WARN_INT_CONVERSION = YES;
				CLANG_WARN_OBJC_ROOT_CLASS = YES_ERROR;
				CLANG_WARN_SUSPICIOUS_MOVE = YES;
				CLANG_WARN_UNREACHABLE_CODE = YES;
				CLANG_WARN__DUPLICATE_METHOD_MATCH = YES;
				"CODE_SIGN_IDENTITY[sdk=iphoneos*]" = "iPhone Developer";
				COPY_PHASE_STRIP = NO;
				DEBUG_INFORMATION_FORMAT = dwarf;
				ENABLE_STRICT_OBJC_MSGSEND = YES;
				ENABLE_TESTABILITY = YES;
				GCC_C_LANGUAGE_STANDARD = gnu99;
				GCC_DYNAMIC_NO_PIC = NO;
				GCC_NO_COMMON_BLOCKS = YES;
				GCC_OPTIMIZATION_LEVEL = 0;
				GCC_PREPROCESSOR_DEFINITIONS = (
					"DEBUG=1",
					"$(inherited)",
				);
				GCC_WARN_64_TO_32_BIT_CONVERSION = YES;
				GCC_WARN_ABOUT_RETURN_TYPE = YES_ERROR;
				GCC_WARN_UNDECLARED_SELECTOR = YES;
				GCC_WARN_UNINITIALIZED_AUTOS = YES_AGGRESSIVE;
				GCC_WARN_UNUSED_FUNCTION = YES;
				GCC_WARN_UNUSED_VARIABLE = YES;
				IPHONEOS_DEPLOYMENT_TARGET = 10.2;
				MTL_ENABLE_DEBUG_INFO = YES;
				ONLY_ACTIVE_ARCH = YES;
				SDKROOT = iphoneos;
				SWIFT_ACTIVE_COMPILATION_CONDITIONS = DEBUG;
				SWIFT_OPTIMIZATION_LEVEL = "-Onone";
				TARGETED_DEVICE_FAMILY = "1,2";
			};
			name = Debug;
		};
		00D9E7011E5A346600B6D917 /* Release */ = {
			isa = XCBuildConfiguration;
			buildSettings = {
				ALWAYS_SEARCH_USER_PATHS = NO;
				CLANG_ANALYZER_NONNULL = YES;
				CLANG_CXX_LANGUAGE_STANDARD = "gnu++0x";
				CLANG_CXX_LIBRARY = "libc++";
				CLANG_ENABLE_MODULES = YES;
				CLANG_ENABLE_OBJC_ARC = YES;
				CLANG_WARN_BOOL_CONVERSION = YES;
				CLANG_WARN_CONSTANT_CONVERSION = YES;
				CLANG_WARN_DIRECT_OBJC_ISA_USAGE = YES_ERROR;
				CLANG_WARN_DOCUMENTATION_COMMENTS = YES;
				CLANG_WARN_EMPTY_BODY = YES;
				CLANG_WARN_ENUM_CONVERSION = YES;
				CLANG_WARN_INFINITE_RECURSION = YES;
				CLANG_WARN_INT_CONVERSION = YES;
				CLANG_WARN_OBJC_ROOT_CLASS = YES_ERROR;
				CLANG_WARN_SUSPICIOUS_MOVE = YES;
				CLANG_WARN_UNREACHABLE_CODE = YES;
				CLANG_WARN__DUPLICATE_METHOD_MATCH = YES;
				"CODE_SIGN_IDENTITY[sdk=iphoneos*]" = "iPhone Developer";
				COPY_PHASE_STRIP = NO;
				DEBUG_INFORMATION_FORMAT = "dwarf-with-dsym";
				ENABLE_NS_ASSERTIONS = NO;
				ENABLE_STRICT_OBJC_MSGSEND = YES;
				GCC_C_LANGUAGE_STANDARD = gnu99;
				GCC_NO_COMMON_BLOCKS = YES;
				GCC_WARN_64_TO_32_BIT_CONVERSION = YES;
				GCC_WARN_ABOUT_RETURN_TYPE = YES_ERROR;
				GCC_WARN_UNDECLARED_SELECTOR = YES;
				GCC_WARN_UNINITIALIZED_AUTOS = YES_AGGRESSIVE;
				GCC_WARN_UNUSED_FUNCTION = YES;
				GCC_WARN_UNUSED_VARIABLE = YES;
				IPHONEOS_DEPLOYMENT_TARGET = 10.2;
				MTL_ENABLE_DEBUG_INFO = NO;
				SDKROOT = iphoneos;
				SWIFT_OPTIMIZATION_LEVEL = "-Owholemodule";
				TARGETED_DEVICE_FAMILY = "1,2";
				VALIDATE_PRODUCT = YES;
			};
			name = Release;
		};
		00D9E7031E5A346600B6D917 /* Debug */ = {
			isa = XCBuildConfiguration;
			baseConfigurationReference = D9B9317A9C531C5FB6A02850 /* Pods-AlbumSnap.debug.xcconfig */;
			buildSettings = {
				ASSETCATALOG_COMPILER_APPICON_NAME = AppIcon;
				DEVELOPMENT_TEAM = BAN868XZ6P;
				INFOPLIST_FILE = AlbumSnap/Info.plist;
				IPHONEOS_DEPLOYMENT_TARGET = 10.0;
				LD_RUNPATH_SEARCH_PATHS = "$(inherited) @executable_path/Frameworks";
				PRODUCT_BUNDLE_IDENTIFIER = com.albumsnap.AlbumSnap;
				PRODUCT_NAME = "$(TARGET_NAME)";
				SWIFT_VERSION = 3.0;
			};
			name = Debug;
		};
		00D9E7041E5A346600B6D917 /* Release */ = {
			isa = XCBuildConfiguration;
			baseConfigurationReference = B001F6A1740FCF9BD03F38F7 /* Pods-AlbumSnap.release.xcconfig */;
			buildSettings = {
				ASSETCATALOG_COMPILER_APPICON_NAME = AppIcon;
				DEVELOPMENT_TEAM = BAN868XZ6P;
				INFOPLIST_FILE = AlbumSnap/Info.plist;
				IPHONEOS_DEPLOYMENT_TARGET = 10.0;
				LD_RUNPATH_SEARCH_PATHS = "$(inherited) @executable_path/Frameworks";
				PRODUCT_BUNDLE_IDENTIFIER = com.albumsnap.AlbumSnap;
				PRODUCT_NAME = "$(TARGET_NAME)";
				SWIFT_VERSION = 3.0;
			};
			name = Release;
		};
		00D9E7061E5A346600B6D917 /* Debug */ = {
			isa = XCBuildConfiguration;
			baseConfigurationReference = B114A775BDD2854701429F08 /* Pods-AlbumSnapTests.debug.xcconfig */;
			buildSettings = {
				ALWAYS_EMBED_SWIFT_STANDARD_LIBRARIES = YES;
				BUNDLE_LOADER = "$(TEST_HOST)";
				DEVELOPMENT_TEAM = BAN868XZ6P;
				INFOPLIST_FILE = AlbumSnapTests/Info.plist;
				LD_RUNPATH_SEARCH_PATHS = "$(inherited) @executable_path/Frameworks @loader_path/Frameworks";
				PRODUCT_BUNDLE_IDENTIFIER = com.albumsnap.AlbumSnapTests;
				PRODUCT_NAME = "$(TARGET_NAME)";
				SWIFT_VERSION = 3.0;
				TEST_HOST = "$(BUILT_PRODUCTS_DIR)/AlbumSnap.app/AlbumSnap";
			};
			name = Debug;
		};
		00D9E7071E5A346600B6D917 /* Release */ = {
			isa = XCBuildConfiguration;
			baseConfigurationReference = 85185D96ACAA5EAF5077680B /* Pods-AlbumSnapTests.release.xcconfig */;
			buildSettings = {
				ALWAYS_EMBED_SWIFT_STANDARD_LIBRARIES = YES;
				BUNDLE_LOADER = "$(TEST_HOST)";
				DEVELOPMENT_TEAM = BAN868XZ6P;
				INFOPLIST_FILE = AlbumSnapTests/Info.plist;
				LD_RUNPATH_SEARCH_PATHS = "$(inherited) @executable_path/Frameworks @loader_path/Frameworks";
				PRODUCT_BUNDLE_IDENTIFIER = com.albumsnap.AlbumSnapTests;
				PRODUCT_NAME = "$(TARGET_NAME)";
				SWIFT_VERSION = 3.0;
				TEST_HOST = "$(BUILT_PRODUCTS_DIR)/AlbumSnap.app/AlbumSnap";
			};
			name = Release;
		};
		00D9E7091E5A346600B6D917 /* Debug */ = {
			isa = XCBuildConfiguration;
			baseConfigurationReference = 042211BF8CB38A857EF80DF6 /* Pods-AlbumSnapUITests.debug.xcconfig */;
			buildSettings = {
				ALWAYS_EMBED_SWIFT_STANDARD_LIBRARIES = YES;
				DEVELOPMENT_TEAM = BAN868XZ6P;
				INFOPLIST_FILE = AlbumSnapUITests/Info.plist;
				LD_RUNPATH_SEARCH_PATHS = "$(inherited) @executable_path/Frameworks @loader_path/Frameworks";
				PRODUCT_BUNDLE_IDENTIFIER = com.albumsnap.AlbumSnapUITests;
				PRODUCT_NAME = "$(TARGET_NAME)";
				SWIFT_VERSION = 3.0;
				TEST_TARGET_NAME = AlbumSnap;
			};
			name = Debug;
		};
		00D9E70A1E5A346600B6D917 /* Release */ = {
			isa = XCBuildConfiguration;
			baseConfigurationReference = 6CBE435640F588AEC2D0159D /* Pods-AlbumSnapUITests.release.xcconfig */;
			buildSettings = {
				ALWAYS_EMBED_SWIFT_STANDARD_LIBRARIES = YES;
				DEVELOPMENT_TEAM = BAN868XZ6P;
				INFOPLIST_FILE = AlbumSnapUITests/Info.plist;
				LD_RUNPATH_SEARCH_PATHS = "$(inherited) @executable_path/Frameworks @loader_path/Frameworks";
				PRODUCT_BUNDLE_IDENTIFIER = com.albumsnap.AlbumSnapUITests;
				PRODUCT_NAME = "$(TARGET_NAME)";
				SWIFT_VERSION = 3.0;
				TEST_TARGET_NAME = AlbumSnap;
			};
			name = Release;
		};
/* End XCBuildConfiguration section */

/* Begin XCConfigurationList section */
		00D9E6D51E5A346500B6D917 /* Build configuration list for PBXProject "AlbumSnap" */ = {
			isa = XCConfigurationList;
			buildConfigurations = (
				00D9E7001E5A346600B6D917 /* Debug */,
				00D9E7011E5A346600B6D917 /* Release */,
			);
			defaultConfigurationIsVisible = 0;
			defaultConfigurationName = Release;
		};
		00D9E7021E5A346600B6D917 /* Build configuration list for PBXNativeTarget "AlbumSnap" */ = {
			isa = XCConfigurationList;
			buildConfigurations = (
				00D9E7031E5A346600B6D917 /* Debug */,
				00D9E7041E5A346600B6D917 /* Release */,
			);
			defaultConfigurationIsVisible = 0;
			defaultConfigurationName = Release;
		};
		00D9E7051E5A346600B6D917 /* Build configuration list for PBXNativeTarget "AlbumSnapTests" */ = {
			isa = XCConfigurationList;
			buildConfigurations = (
				00D9E7061E5A346600B6D917 /* Debug */,
				00D9E7071E5A346600B6D917 /* Release */,
			);
			defaultConfigurationIsVisible = 0;
			defaultConfigurationName = Release;
		};
		00D9E7081E5A346600B6D917 /* Build configuration list for PBXNativeTarget "AlbumSnapUITests" */ = {
			isa = XCConfigurationList;
			buildConfigurations = (
				00D9E7091E5A346600B6D917 /* Debug */,
				00D9E70A1E5A346600B6D917 /* Release */,
			);
			defaultConfigurationIsVisible = 0;
			defaultConfigurationName = Release;
		};
/* End XCConfigurationList section */
	};
	rootObject = 00D9E6D21E5A346500B6D917 /* Project object */;
}
